{
  "version": 4,
  "terraform_version": "1.15.6",
  "serial": 37,
  "lineage": "9433d834-dc71-1196-1c2e-21c67c5d6585",
  "outputs": {
    "ats_be_public_url": {
      "value": "http://3.17.204.137:3000",
      "type": "string"
    },
    "ssh_connect_command": {
      "value": "ssh -i ~/.ssh/ats-be-key ubuntu@3.17.204.137",
      "type": "string"
    }
  },
  "resources": [
    {
      "mode": "managed",
      "type": "aws_instance",
      "name": "ats_be_server",
      "provider": "provider[\"registry.terraform.io/hashicorp/aws\"]",
      "instances": [
        {
          "schema_version": 1,
          "attributes": {
            "ami": "ami-0cf6185a5bb26f705",
            "arn": "arn:aws:ec2:us-east-2:573771905784:instance/i-08ba3e6db908cc432",
            "associate_public_ip_address": true,
            "availability_zone": "us-east-2c",
            "capacity_reservation_specification": [
              {
                "capacity_reservation_preference": "open",
                "capacity_reservation_target": []
              }
            ],
            "cpu_core_count": 1,
            "cpu_options": [
              {
                "amd_sev_snp": "",
                "core_count": 1,
                "threads_per_core": 1
              }
            ],
            "cpu_threads_per_core": 1,
            "credit_specification": [
              {
                "cpu_credits": "standard"
              }
            ],
            "disable_api_stop": false,
            "disable_api_termination": false,
            "ebs_block_device": [],
            "ebs_optimized": false,
            "enable_primary_ipv6": null,
            "enclave_options": [
              {
                "enabled": false
              }
            ],
            "ephemeral_block_device": [],
            "get_password_data": false,
            "hibernation": false,
            "host_id": "",
            "host_resource_group_arn": null,
            "iam_instance_profile": "",
            "id": "i-08ba3e6db908cc432",
            "instance_initiated_shutdown_behavior": "stop",
            "instance_lifecycle": "",
            "instance_market_options": [],
            "instance_state": "running",
            "instance_type": "t2.micro",
            "ipv6_address_count": 0,
            "ipv6_addresses": [],
            "key_name": "ats-be-key",
            "launch_template": [],
            "maintenance_options": [
              {
                "auto_recovery": "default"
              }
            ],
            "metadata_options": [
              {
                "http_endpoint": "enabled",
                "http_protocol_ipv6": "disabled",
                "http_put_response_hop_limit": 1,
                "http_tokens": "optional",
                "instance_metadata_tags": "disabled"
              }
            ],
            "monitoring": false,
            "network_interface": [],
            "outpost_arn": "",
            "password_data": "",
            "placement_group": "",
            "placement_partition_number": 0,
            "primary_network_interface_id": "eni-02fa27acf3e9f0054",
            "private_dns": "ip-172-31-36-106.us-east-2.compute.internal",
            "private_dns_name_options": [
              {
                "enable_resource_name_dns_a_record": false,
                "enable_resource_name_dns_aaaa_record": false,
                "hostname_type": "ip-name"
              }
            ],
            "private_ip": "172.31.36.106",
            "public_dns": "ec2-3-17-204-137.us-east-2.compute.amazonaws.com",
            "public_ip": "3.17.204.137",
            "root_block_device": [
              {
                "delete_on_termination": true,
                "device_name": "/dev/sda1",
                "encrypted": false,
                "iops": 100,
                "kms_key_id": "",
                "tags": {},
                "tags_all": {},
                "throughput": 0,
                "volume_id": "vol-024a091b3906a2b7e",
                "volume_size": 8,
                "volume_type": "gp2"
              }
            ],
            "secondary_private_ips": [],
            "security_groups": [
              "ats-be-sg"
            ],
            "source_dest_check": true,
            "spot_instance_request_id": "",
            "subnet_id": "subnet-0dd88556b107d9277",
            "tags": {
              "Name": "ats-be-server"
            },
            "tags_all": {
              "Name": "ats-be-server"
            },
            "tenancy": "default",
            "timeouts": null,
            "user_data": "0ce59b1ea300588f9ffc7eee06198df0be483ed0",
            "user_data_base64": null,
            "user_data_replace_on_change": false,
            "volume_tags": null,
            "vpc_security_group_ids": [
              "sg-0a567738523948775"
            ]
          },
          "sensitive_attributes": [],
          "identity_schema_version": 0,
          "private": "eyJlMmJmYjczMC1lY2FhLTExZTYtOGY4OC0zNDM2M2JjN2M0YzAiOnsiY3JlYXRlIjo2MDAwMDAwMDAwMDAsImRlbGV0ZSI6MTIwMDAwMDAwMDAwMCwicmVhZCI6OTAwMDAwMDAwMDAwLCJ1cGRhdGUiOjYwMDAwMDAwMDAwMH0sInNjaGVtYV92ZXJzaW9uIjoiMSJ9",
          "dependencies": [
            "aws_key_pair.ats_be_key",
            "aws_security_group.ats_be_sg"
          ]
        }
      ]
    },
    {
      "mode": "managed",
      "type": "aws_key_pair",
      "name": "ats_be_key",
      "provider": "provider[\"registry.terraform.io/hashicorp/aws\"]",
      "instances": [
        {
          "schema_version": 1,
          "attributes": {
            "arn": "arn:aws:ec2:us-east-2:573771905784:key-pair/ats-be-key",
            "fingerprint": "70:f1:2a:5e:62:62:64:e0:96:8d:a9:68:d2:3c:05:05",
            "id": "ats-be-key",
            "key_name": "ats-be-key",
            "key_name_prefix": "",
            "key_pair_id": "key-0fcb7e8242c06207e",
            "key_type": "rsa",
            "public_key": "ssh-rsa AAAAB3NzaC1yc2EAAAADAQABAAACAQDPQr9VbdCtZl/5rRBBaow8DwcSO+F9xYNcdkB+uFC+Vcfi0Y0+0iBohK9iWNmKaKbKqsszqGQ58rWCXM7WJd8aBxcm09NtVRKXnZrBKkpM8gAK1A3PzH5AyOCPCHcTwwZtu77LNeFUe/Kzza3YeJhG45DIbm2qSW8jSbn9bekO9M0xuuxTCdG7pkQ1uog+ZB9moWWJrx+dkR34QkYgjbrEDhotMHZh0TUJ4gXM53UnMblMFTvcIfaR9vi15j+ZBzuk1Fd8ELxe7ZYuh9CQNjCel60LPZeuoujDT07y+5ryT0H27G9071bFq3tv5+EvBJHNo98q1yLtF05tz+P8riMV4BBFE3no8+NFwrEry2awJ/5nHXqFi1NUcv3f4hI9xUelaLijKtgcwYtsgctFodsRd7OwQ2H0UzYzNt0SpH8wR8CtVHJ6j2fB/6r3W5GcJafo2uUH7Fx9PfqDLdOV/3GpTsD8/4IoLS3UVOX58ashzC6eRusRaG9j+RAFw2SCUqRV27110labTqpZ4HEVCHhQOouj1h4jgfsf00UfFgHSdemEsD6SmFxRKG4ZDHliyaPpKKhofpWddVK4QzUssAlOLBH0wOD+9nsASQzyQUntpPMehTvYeKt9IpaqB08hD+vQNQ2CRrjYWuYryxWeHn5zT9w+Sck6qyHyZohtkRyQLQ== rakeshramesan@Rakeshs-MacBook.local",
            "tags": {},
            "tags_all": {}
          },
          "sensitive_attributes": [],
          "identity_schema_version": 0,
          "private": "eyJzY2hlbWFfdmVyc2lvbiI6IjEifQ=="
        }
      ]
    },
    {
      "mode": "managed",
      "type": "aws_security_group",
      "name": "ats_be_sg",
      "provider": "provider[\"registry.terraform.io/hashicorp/aws\"]",
      "instances": [
        {
          "schema_version": 1,
          "attributes": {
            "arn": "arn:aws:ec2:us-east-2:573771905784:security-group/sg-0a567738523948775",
            "description": "Allow web traffic to ats-be application",
            "egress": [
              {
                "cidr_blocks": [
                  "0.0.0.0/0"
                ],
                "description": "",
                "from_port": 0,
                "ipv6_cidr_blocks": [],
                "prefix_list_ids": [],
                "protocol": "-1",
                "security_groups": [],
                "self": false,
                "to_port": 0
              }
            ],
            "id": "sg-0a567738523948775",
            "ingress": [
              {
                "cidr_blocks": [
                  "0.0.0.0/0"
                ],
                "description": "",
                "from_port": 22,
                "ipv6_cidr_blocks": [],
                "prefix_list_ids": [],
                "protocol": "tcp",
                "security_groups": [],
                "self": false,
                "to_port": 22
              },
              {
                "cidr_blocks": [
                  "0.0.0.0/0"
                ],
                "description": "",
                "from_port": 3000,
                "ipv6_cidr_blocks": [],
                "prefix_list_ids": [],
                "protocol": "tcp",
                "security_groups": [],
                "self": false,
                "to_port": 3000
              }
            ],
            "name": "ats-be-sg",
            "name_prefix": "",
            "owner_id": "573771905784",
            "revoke_rules_on_delete": null,
            "tags": {},
            "tags_all": {},
            "timeouts": null,
            "vpc_id": "vpc-059ed82b9e5f6205f"
          },
          "sensitive_attributes": [],
          "identity_schema_version": 0,
          "private": "eyJlMmJmYjczMC1lY2FhLTExZTYtOGY4OC0zNDM2M2JjN2M0YzAiOnsiY3JlYXRlIjo2MDAwMDAwMDAwMDAsImRlbGV0ZSI6OTAwMDAwMDAwMDAwfSwic2NoZW1hX3ZlcnNpb24iOiIxIn0="
        }
      ]
    }
  ],
  "check_results": null
}
